
Microsoft Visual Studio Solution File, Format Version 12.00
# Visual Studio Version 16
VisualStudioVersion = 16.0.30503.244
MinimumVisualStudioVersion = 10.0.40219.1
Project("{FAE04EC0-301F-11D3-BF4B-00C04F79EFBC}") = "VIZSGA_HELPER", "VIZSGA_HELPER\VIZSGA_HELPER.csproj", "{FF9B0540-B5C6-4B2B-9F1E-21CC5FC4FDDD}"
EndProject
Global
	GlobalSection(SolutionConfigurationPlatforms) = preSolution
		Debug|Any CPU = Debug|Any CPU
		Release|Any CPU = Release|Any CPU
	EndGlobalSection
	GlobalSection(ProjectConfigurationPlatforms) = postSolution
		{FF9B0540-B5C6-4B2B-9F1E-21CC5FC4FDDD}.Debug|Any CPU.ActiveCfg = Debug|Any CPU
		{FF9B0540-B5C6-4B2B-9F1E-21CC5FC4FDDD}.Debug|Any CPU.Build.0 = Debug|Any CPU
		{FF9B0540-B5C6-4B2B-9F1E-21CC5FC4FDDD}.Release|Any CPU.ActiveCfg = Release|Any CPU
		{FF9B0540-B5C6-4B2B-9F1E-21CC5FC4FDDD}.Release|Any CPU.Build.0 = Release|Any CPU
	EndGlobalSection
	GlobalSection(SolutionProperties) = preSolution
		HideSolutionNode = FALSE
	EndGlobalSection
	GlobalSection(ExtensibilityGlobals) = postSolution
		SolutionGuid = {7AF631CC-3E2B-4E74-8645-1DC120E9390A}
	EndGlobalSection
EndGlobal
